
Microsoft Visual Studio Solution File, Format Version 12.00
# Visual Studio Version 17
VisualStudioVersion = 17.3.32901.215
MinimumVisualStudioVersion = 10.0.40219.1
Project("{FAE04EC0-301F-11D3-BF4B-00C04F79EFBC}") = "LuyenTap", "LuyenTap\LuyenTap.csproj", "{50A51E1E-39E4-4A5F-AF31-9D9CE1C86AA0}"
EndProject
Global
	GlobalSection(SolutionConfigurationPlatforms) = preSolution
		Debug|Any CPU = Debug|Any CPU
		Release|Any CPU = Release|Any CPU
	EndGlobalSection
	GlobalSection(ProjectConfigurationPlatforms) = postSolution
		{50A51E1E-39E4-4A5F-AF31-9D9CE1C86AA0}.Debug|Any CPU.ActiveCfg = Debug|Any CPU
		{50A51E1E-39E4-4A5F-AF31-9D9CE1C86AA0}.Debug|Any CPU.Build.0 = Debug|Any CPU
		{50A51E1E-39E4-4A5F-AF31-9D9CE1C86AA0}.Release|Any CPU.ActiveCfg = Release|Any CPU
		{50A51E1E-39E4-4A5F-AF31-9D9CE1C86AA0}.Release|Any CPU.Build.0 = Release|Any CPU
	EndGlobalSection
	GlobalSection(SolutionProperties) = preSolution
		HideSolutionNode = FALSE
	EndGlobalSection
	GlobalSection(ExtensibilityGlobals) = postSolution
		SolutionGuid = {DBC94474-F2D0-4746-A1BC-EB8DD2B56BF8}
	EndGlobalSection
EndGlobal
